
Microsoft Visual Studio Solution File, Format Version 12.00
# Visual Studio Version 17
VisualStudioVersion = 17.12.35707.178 d17.12
MinimumVisualStudioVersion = 10.0.40219.1
Project("{FAE04EC0-301F-11D3-BF4B-00C04F79EFBC}") = "Calculator.UI.WinForms", "Calculator.UI.WinForms\Calculator.UI.WinForms.csproj", "{2D566B85-28D3-49C8-AD16-D447880CE96A}"
EndProject
Project("{FAE04EC0-301F-11D3-BF4B-00C04F79EFBC}") = "Calculator.DAL", "Calculator.DAL\Calculator.DAL.csproj", "{0545C249-2BC7-4101-978A-76D48AB1857A}"
EndProject
Project("{FAE04EC0-301F-11D3-BF4B-00C04F79EFBC}") = "Calculator.BLL", "Calculator.BLL\Calculator.BLL.csproj", "{566712D1-54C7-4A46-A9C2-780253255D5F}"
EndProject
Global
	GlobalSection(SolutionConfigurationPlatforms) = preSolution
		Debug|Any CPU = Debug|Any CPU
		Release|Any CPU = Release|Any CPU
	EndGlobalSection
	GlobalSection(ProjectConfigurationPlatforms) = postSolution
		{2D566B85-28D3-49C8-AD16-D447880CE96A}.Debug|Any CPU.ActiveCfg = Debug|Any CPU
		{2D566B85-28D3-49C8-AD16-D447880CE96A}.Debug|Any CPU.Build.0 = Debug|Any CPU
		{2D566B85-28D3-49C8-AD16-D447880CE96A}.Release|Any CPU.ActiveCfg = Release|Any CPU
		{2D566B85-28D3-49C8-AD16-D447880CE96A}.Release|Any CPU.Build.0 = Release|Any CPU
		{0545C249-2BC7-4101-978A-76D48AB1857A}.Debug|Any CPU.ActiveCfg = Debug|Any CPU
		{0545C249-2BC7-4101-978A-76D48AB1857A}.Debug|Any CPU.Build.0 = Debug|Any CPU
		{0545C249-2BC7-4101-978A-76D48AB1857A}.Release|Any CPU.ActiveCfg = Release|Any CPU
		{0545C249-2BC7-4101-978A-76D48AB1857A}.Release|Any CPU.Build.0 = Release|Any CPU
		{566712D1-54C7-4A46-A9C2-780253255D5F}.Debug|Any CPU.ActiveCfg = Debug|Any CPU
		{566712D1-54C7-4A46-A9C2-780253255D5F}.Debug|Any CPU.Build.0 = Debug|Any CPU
		{566712D1-54C7-4A46-A9C2-780253255D5F}.Release|Any CPU.ActiveCfg = Release|Any CPU
		{566712D1-54C7-4A46-A9C2-780253255D5F}.Release|Any CPU.Build.0 = Release|Any CPU
	EndGlobalSection
	GlobalSection(SolutionProperties) = preSolution
		HideSolutionNode = FALSE
	EndGlobalSection
EndGlobal
